github.com/alibaba/OpenSandbox/sdks/sandbox/go v1.1.0 h1:u1PAR2y/UKCHHD6OcV1S9IQzpNsCC6HyeOg3IWsRTec=
github.com/alibaba/OpenSandbox/sdks/sandbox/go v1.1.0/go.mod h1:c3C+dMDq0EdnZAgui4ot4hiZhQKUb57/tK97TQO5aHk=
golang.org/x/sync v0.7.0 h1:YsImfSBoP9QPYL0xyKJPq0gcaJdG3rInoqxTWbfQu9M=
golang.org/x/sync v0.7.0/go.mod h1:Czt+wKu1gCyEFDUtn0jG5QVvpJ6rzVqr5aXyt9drQfk=
